
Microsoft Visual Studio Solution File, Format Version 12.00
# Visual Studio Version 17
VisualStudioVersion = 17.10.34928.147
MinimumVisualStudioVersion = 10.0.40219.1
Project("{9A19103F-16F7-4668-BE54-9A1E7A4F7556}") = "BankAccount", "BankAccount.csproj", "{47709B3F-E899-41FD-B524-B1BC29D83B3C}"
EndProject
Project("{9A19103F-16F7-4668-BE54-9A1E7A4F7556}") = "CardManagementSystem", "..\..\..\Downloads\CardManagementSystem\CardManagementSystem\CardManagementSystem.csproj", "{84116D6B-13CD-47FD-B866-513B01E94807}"
EndProject
Project("{9A19103F-16F7-4668-BE54-9A1E7A4F7556}") = "Logistics_Management_System", "..\Logistics_Management_System\Logistics_Management_System.csproj", "{629501F4-DF67-4807-A2EB-4E7979534B01}"
EndProject
Project("{9A19103F-16F7-4668-BE54-9A1E7A4F7556}") = "E_Commerce", "..\E_Commerce\E_Commerce\E_Commerce.csproj", "{243C2DC4-5865-4B4E-8096-8741410F5D1A}"
EndProject
Global
	GlobalSection(SolutionConfigurationPlatforms) = preSolution
		Debug|Any CPU = Debug|Any CPU
		Release|Any CPU = Release|Any CPU
	EndGlobalSection
	GlobalSection(ProjectConfigurationPlatforms) = postSolution
		{47709B3F-E899-41FD-B524-B1BC29D83B3C}.Debug|Any CPU.ActiveCfg = Debug|Any CPU
		{47709B3F-E899-41FD-B524-B1BC29D83B3C}.Debug|Any CPU.Build.0 = Debug|Any CPU
		{47709B3F-E899-41FD-B524-B1BC29D83B3C}.Release|Any CPU.ActiveCfg = Release|Any CPU
		{47709B3F-E899-41FD-B524-B1BC29D83B3C}.Release|Any CPU.Build.0 = Release|Any CPU
		{84116D6B-13CD-47FD-B866-513B01E94807}.Debug|Any CPU.ActiveCfg = Debug|Any CPU
		{84116D6B-13CD-47FD-B866-513B01E94807}.Debug|Any CPU.Build.0 = Debug|Any CPU
		{84116D6B-13CD-47FD-B866-513B01E94807}.Release|Any CPU.ActiveCfg = Release|Any CPU
		{84116D6B-13CD-47FD-B866-513B01E94807}.Release|Any CPU.Build.0 = Release|Any CPU
		{629501F4-DF67-4807-A2EB-4E7979534B01}.Debug|Any CPU.ActiveCfg = Debug|Any CPU
		{629501F4-DF67-4807-A2EB-4E7979534B01}.Debug|Any CPU.Build.0 = Debug|Any CPU
		{629501F4-DF67-4807-A2EB-4E7979534B01}.Release|Any CPU.ActiveCfg = Release|Any CPU
		{629501F4-DF67-4807-A2EB-4E7979534B01}.Release|Any CPU.Build.0 = Release|Any CPU
		{243C2DC4-5865-4B4E-8096-8741410F5D1A}.Debug|Any CPU.ActiveCfg = Debug|Any CPU
		{243C2DC4-5865-4B4E-8096-8741410F5D1A}.Debug|Any CPU.Build.0 = Debug|Any CPU
		{243C2DC4-5865-4B4E-8096-8741410F5D1A}.Release|Any CPU.ActiveCfg = Release|Any CPU
		{243C2DC4-5865-4B4E-8096-8741410F5D1A}.Release|Any CPU.Build.0 = Release|Any CPU
	EndGlobalSection
	GlobalSection(SolutionProperties) = preSolution
		HideSolutionNode = FALSE
	EndGlobalSection
	GlobalSection(ExtensibilityGlobals) = postSolution
		SolutionGuid = {5A8933A3-F81A-4D1A-98E6-E534E95251FF}
	EndGlobalSection
EndGlobal
